{
  "name": "yanbiao_resume_backEnd",
  "version": "1.0.0",
  "lockfileVersion": 1,
  "requires": true,
  "dependencies": {
    "connect-multiparty": {
      "version": "2.1.1",
      "resolved": "http://registry.npm.taobao.org/connect-multiparty/download/connect-multiparty-2.1.1.tgz",
      "integrity": "sha1-bughL9siBNPxNfjBLjr6SV0YH9c=",
      "requires": {
        "multiparty": "~4.1.4",
        "on-finished": "~2.3.0",
        "qs": "~6.5.2",
        "type-is": "~1.6.16"
      }
    },
    "cors": {
      "version": "2.8.4",
      "resolved": "http://registry.npm.taobao.org/cors/download/cors-2.8.4.tgz",
      "integrity": "sha1-K9OB8usgECAQXNUOpZ2mMJBpRoY=",
      "requires": {
        "object-assign": "^4",
        "vary": "^1"
      }
    },
    "ee-first": {
      "version": "1.1.1",
      "resolved": "http://registry.npm.taobao.org/ee-first/download/ee-first-1.1.1.tgz",
      "integrity": "sha1-WQxhFWsK4vTwJVcyoViyZrxWsh0="
    },
    "fd-slicer": {
      "version": "1.0.1",
      "resolved": "http://registry.npm.taobao.org/fd-slicer/download/fd-slicer-1.0.1.tgz",
      "integrity": "sha1-i1vL2ewyfFBBv5qwI/1nUPEXfmU=",
      "requires": {
        "pend": "~1.2.0"
      }
    },
    "formidable": {
      "version": "1.2.1",
      "resolved": "http://registry.npm.taobao.org/formidable/download/formidable-1.2.1.tgz",
      "integrity": "sha1-cPt8oCkO5v+WEJBBX0s989IIJlk="
    },
    "media-typer": {
      "version": "0.3.0",
      "resolved": "http://registry.npm.taobao.org/media-typer/download/media-typer-0.3.0.tgz",
      "integrity": "sha1-hxDXrwqmJvj/+hzgAWhUUmMlV0g="
    },
    "mime-db": {
      "version": "1.35.0",
      "resolved": "http://registry.npm.taobao.org/mime-db/download/mime-db-1.35.0.tgz",
      "integrity": "sha1-BWnWV0ZkkSg3CWY603mpm5DZq0c="
    },
    "mime-types": {
      "version": "2.1.19",
      "resolved": "http://registry.npm.taobao.org/mime-types/download/mime-types-2.1.19.tgz",
      "integrity": "sha1-ceRkU3p++BwV8tudl+kT/A/2BvA=",
      "requires": {
        "mime-db": "~1.35.0"
      }
    },
    "multiparty": {
      "version": "4.1.4",
      "resolved": "http://registry.npm.taobao.org/multiparty/download/multiparty-4.1.4.tgz",
      "integrity": "sha1-TJbcvcEeP3kX4WFeZAtLUCK+ZP0=",
      "requires": {
        "fd-slicer": "~1.0.1",
        "safe-buffer": "5.1.2"
      }
    },
    "object-assign": {
      "version": "4.1.1",
      "resolved": "http://registry.npm.taobao.org/object-assign/download/object-assign-4.1.1.tgz",
      "integrity": "sha1-IQmtx5ZYh8/AXLvUQsrIv7s2CGM="
    },
    "on-finished": {
      "version": "2.3.0",
      "resolved": "http://registry.npm.taobao.org/on-finished/download/on-finished-2.3.0.tgz",
      "integrity": "sha1-IPEzZIGwg811M3mSoWlxqi2QaUc=",
      "requires": {
        "ee-first": "1.1.1"
      }
    },
    "pend": {
      "version": "1.2.0",
      "resolved": "http://registry.npm.taobao.org/pend/download/pend-1.2.0.tgz",
      "integrity": "sha1-elfrVQpng/kRUzH89GY9XI4AelA="
    },
    "qs": {
      "version": "6.5.2",
      "resolved": "http://registry.npm.taobao.org/qs/download/qs-6.5.2.tgz",
      "integrity": "sha1-yzroBuh0BERYTvFUzo7pjUA/PjY="
    },
    "safe-buffer": {
      "version": "5.1.2",
      "resolved": "http://registry.npm.taobao.org/safe-buffer/download/safe-buffer-5.1.2.tgz",
      "integrity": "sha1-mR7GnSluAxN0fVm9/St0XDX4go0="
    },
    "type-is": {
      "version": "1.6.16",
      "resolved": "http://registry.npm.taobao.org/type-is/download/type-is-1.6.16.tgz",
      "integrity": "sha1-+JzjQVQcZysl7nrjxz3uOyvlAZQ=",
      "requires": {
        "media-typer": "0.3.0",
        "mime-types": "~2.1.18"
      }
    },
    "vary": {
      "version": "1.1.2",
      "resolved": "http://registry.npm.taobao.org/vary/download/vary-1.1.2.tgz",
      "integrity": "sha1-IpnwLG3tMNSllhsLn3RSShj2NPw="
    }
  }
}
